PODS:
  - Alamofire (4.9.1)
  - DropDown (2.3.13)
  - GoogleMaps (3.6.0):
    - GoogleMaps/Maps (= 3.6.0)
  - GoogleMaps/Base (3.6.0)
  - GoogleMaps/Maps (3.6.0):
    - GoogleMaps/Base
  - GooglePlaces (3.6.0):
    - GoogleMaps/Base (= 3.6.0)
  - Moya (13.0.1):
    - Moya/Core (= 13.0.1)
  - Moya/Core (13.0.1):
    - Alamofire (~> 4.1)
    - Result (~> 4.1)
  - Result (4.1.0)
  - Scope (1.1.0)
  - SnapKit (5.0.1)
  - SwiftyBeaver (1.8.3)

DEPENDENCIES:
  - Alamofire
  - DropDown
  - GoogleMaps
  - GooglePlaces
  - Moya
  - Scope
  - SnapKit
  - SwiftyBeaver

SPEC REPOS:
  trunk:
    - Alamofire
    - DropDown
    - GoogleMaps
    - GooglePlaces
    - Moya
    - Result
    - Scope
    - SnapKit
    - SwiftyBeaver

SPEC CHECKSUMS:
  Alamofire: 85e8a02c69d6020a0d734f6054870d7ecb75cf18
  DropDown: 8a2116376c1981888557f72ec2ffc9a5e0e456ec
  GoogleMaps: 82f8fe307193bb4de6ef6bf9e88f1d624b718f9d
  GooglePlaces: 1b9d29cf3e164903d873600f511f42acdfe85294
  Moya: f4a4b80ff2f8a4ffc208dfb31cd91636622fee6e
  Result: bd966fac789cc6c1563440b348ab2598cc24d5c7
  Scope: ef03c904948a66ba3c487d0d7efa486d764d3da6
  SnapKit: 97b92857e3df3a0c71833cce143274bf6ef8e5eb
  SwiftyBeaver: 3d3e93a12d648bd400b6f2948a7ef128b5b183c7

PODFILE CHECKSUM: 299816707c872209bfe9f05e88f7ecfe6a99b150

COCOAPODS: 1.8.4
