// !$*UTF8*$!
{
	archiveVersion = 1;
	classes = {
	};
	objectVersion = 51;
	objects = {

/* Begin PBXBuildFile section */
		2D0E58BF2351B55A008F82BE /* AppDelegate.swift in Sources */ = {isa = PBXBuildFile; fileRef = 2D0E58BE2351B55A008F82BE /* AppDelegate.swift */; };
		2D0E58C32351B55A008F82BE /* ViewController.swift in Sources */ = {isa = PBXBuildFile; fileRef = 2D0E58C22351B55A008F82BE /* ViewController.swift */; };
		2D0E58C62351B55A008F82BE /* Main.storyboard in Resources */ = {isa = PBXBuildFile; fileRef = 2D0E58C42351B55A008F82BE /* Main.storyboard */; };
		2D0E58C82351B55B008F82BE /* Assets.xcassets in Resources */ = {isa = PBXBuildFile; fileRef = 2D0E58C72351B55B008F82BE /* Assets.xcassets */; };
		2D0E58CB2351B55B008F82BE /* LaunchScreen.storyboard in Resources */ = {isa = PBXBuildFile; fileRef = 2D0E58C92351B55B008F82BE /* LaunchScreen.storyboard */; };
		D790C183AFEFAC21002432CF /* Pods_WePet.framework in Frameworks */ = {isa = PBXBuildFile; fileRef = C9697D62530A13F54932E9C3 /* Pods_WePet.framework */; };
/* End PBXBuildFile section */

/* Begin PBXFileReference section */
		2D0E58BB2351B55A008F82BE /* WePet.app */ = {isa = PBXFileReference; explicitFileType = wrapper.application; includeInIndex = 0; path = WePet.app; sourceTree = BUILT_PRODUCTS_DIR; };
		2D0E58BE2351B55A008F82BE /* AppDelegate.swift */ = {isa = PBXFileReference; indentWidth = 4; lastKnownFileType = sourcecode.swift; path = AppDelegate.swift; sourceTree = "<group>"; tabWidth = 4; };
		2D0E58C22351B55A008F82BE /* ViewController.swift */ = {isa = PBXFileReference; lastKnownFileType = sourcecode.swift; path = ViewController.swift; sourceTree = "<group>"; };
		2D0E58C52351B55A008F82BE /* Base */ = {isa = PBXFileReference; lastKnownFileType = file.storyboard; name = Base; path = Base.lproj/Main.storyboard; sourceTree = "<group>"; };
		2D0E58C72351B55B008F82BE /* Assets.xcassets */ = {isa = PBXFileReference; lastKnownFileType = folder.assetcatalog; path = Assets.xcassets; sourceTree = "<group>"; };
		2D0E58CA2351B55B008F82BE /* Base */ = {isa = PBXFileReference; lastKnownFileType = file.storyboard; name = Base; path = Base.lproj/LaunchScreen.storyboard; sourceTree = "<group>"; };
		2D0E58CC2351B55B008F82BE /* Info.plist */ = {isa = PBXFileReference; lastKnownFileType = text.plist.xml; path = Info.plist; sourceTree = "<group>"; };
		9DF652025FE8EE0597F29285 /* Pods-WePet.release.xcconfig */ = {isa = PBXFileReference; includeInIndex = 1; lastKnownFileType = text.xcconfig; name = "Pods-WePet.release.xcconfig"; path = "Target Support Files/Pods-WePet/Pods-WePet.release.xcconfig"; sourceTree = "<group>"; };
		B2B8E65FB8DFC5373D6E67ED /* Pods-WePet.debug.xcconfig */ = {isa = PBXFileReference; includeInIndex = 1; lastKnownFileType = text.xcconfig; name = "Pods-WePet.debug.xcconfig"; path = "Target Support Files/Pods-WePet/Pods-WePet.debug.xcconfig"; sourceTree = "<group>"; };
		C9697D62530A13F54932E9C3 /* Pods_WePet.framework */ = {isa = PBXFileReference; explicitFileType = wrapper.framework; includeInIndex = 0; path = Pods_WePet.framework; sourceTree = BUILT_PRODUCTS_DIR; };
/* End PBXFileReference section */

/* Begin PBXFrameworksBuildPhase section */
		2D0E58B82351B55A008F82BE /* Frameworks */ = {
			isa = PBXFrameworksBuildPhase;
			buildActionMask = 2147483647;
			files = (
				D790C183AFEFAC21002432CF /* Pods_WePet.framework in Frameworks */,
			);
			runOnlyForDeploymentPostprocessing = 0;
		};
/* End PBXFrameworksBuildPhase section */

/* Begin PBXGroup section */
		2B52F60AD8A7368E0C1E9EFF /* Pods */ = {
			isa = PBXGroup;
			children = (
				B2B8E65FB8DFC5373D6E67ED /* Pods-WePet.debug.xcconfig */,
				9DF652025FE8EE0597F29285 /* Pods-WePet.release.xcconfig */,
			);
			path = Pods;
			sourceTree = "<group>";
		};
		2D0E58B22351B55A008F82BE = {
			isa = PBXGroup;
			children = (
				2D0E58BD2351B55A008F82BE /* WePet */,
				2D0E58BC2351B55A008F82BE /* Products */,
				2B52F60AD8A7368E0C1E9EFF /* Pods */,
				7288F35BC7D614D103CC3BDA /* Frameworks */,
			);
			sourceTree = "<group>";
		};
		2D0E58BC2351B55A008F82BE /* Products */ = {
			isa = PBXGroup;
			children = (
				2D0E58BB2351B55A008F82BE /* WePet.app */,
			);
			name = Products;
			sourceTree = "<group>";
		};
		2D0E58BD2351B55A008F82BE /* WePet */ = {
			isa = PBXGroup;
			children = (
				2D0E58BE2351B55A008F82BE /* AppDelegate.swift */,
				2D0E58C22351B55A008F82BE /* ViewController.swift */,
				2D0E58C42351B55A008F82BE /* Main.storyboard */,
				2D0E58C72351B55B008F82BE /* Assets.xcassets */,
				2D0E58C92351B55B008F82BE /* LaunchScreen.storyboard */,
				2D0E58CC2351B55B008F82BE /* Info.plist */,
			);
			path = WePet;
			sourceTree = "<group>";
		};
		7288F35BC7D614D103CC3BDA /* Frameworks */ = {
			isa = PBXGroup;
			children = (
				C9697D62530A13F54932E9C3 /* Pods_WePet.framework */,
			);
			name = Frameworks;
			sourceTree = "<group>";
		};
/* End PBXGroup section */

/* Begin PBXNativeTarget section */
		2D0E58BA2351B55A008F82BE /* WePet */ = {
			isa = PBXNativeTarget;
			buildConfigurationList = 2D0E58CF2351B55B008F82BE /* Build configuration list for PBXNativeTarget "WePet" */;
			buildPhases = (
				42AFEBB449655BCFFB49C8D5 /* [CP] Check Pods Manifest.lock */,
				2D0E58B72351B55A008F82BE /* Sources */,
				2D0E58B82351B55A008F82BE /* Frameworks */,
				2D0E58B92351B55A008F82BE /* Resources */,
				850834B59FD1FE6C786A6031 /* [CP] Embed Pods Frameworks */,
				CDDCE377380E88672DC6D550 /* [CP] Copy Pods Resources */,
			);
			buildRules = (
			);
			dependencies = (
			);
			name = WePet;
			productName = WePet;
			productReference = 2D0E58BB2351B55A008F82BE /* WePet.app */;
			productType = "com.apple.product-type.application";
		};
/* End PBXNativeTarget section */

/* Begin PBXProject section */
		2D0E58B32351B55A008F82BE /* Project object */ = {
			isa = PBXProject;
			attributes = {
				LastSwiftUpdateCheck = 1100;
				LastUpgradeCheck = 1100;
				ORGANIZATIONNAME = depromeet;
				TargetAttributes = {
					2D0E58BA2351B55A008F82BE = {
						CreatedOnToolsVersion = 11.0;
					};
				};
			};
			buildConfigurationList = 2D0E58B62351B55A008F82BE /* Build configuration list for PBXProject "WePet" */;
			compatibilityVersion = "Xcode 9.3";
			developmentRegion = en;
			hasScannedForEncodings = 0;
			knownRegions = (
				en,
				Base,
			);
			mainGroup = 2D0E58B22351B55A008F82BE;
			productRefGroup = 2D0E58BC2351B55A008F82BE /* Products */;
			projectDirPath = "";
			projectRoot = "";
			targets = (
				2D0E58BA2351B55A008F82BE /* WePet */,
			);
		};
/* End PBXProject section */

/* Begin PBXResourcesBuildPhase section */
		2D0E58B92351B55A008F82BE /* Resources */ = {
			isa = PBXResourcesBuildPhase;
			buildActionMask = 2147483647;
			files = (
				2D0E58CB2351B55B008F82BE /* LaunchScreen.storyboard in Resources */,
				2D0E58C82351B55B008F82BE /* Assets.xcassets in Resources */,
				2D0E58C62351B55A008F82BE /* Main.storyboard in Resources */,
			);
			runOnlyForDeploymentPostprocessing = 0;
		};
/* End PBXResourcesBuildPhase section */

/* Begin PBXShellScriptBuildPhase section */
		42AFEBB449655BCFFB49C8D5 /* [CP] Check Pods Manifest.lock */ = {
			isa = PBXShellScriptBuildPhase;
			buildActionMask = 2147483647;
			files = (
			);
			inputFileListPaths = (
			);
			inputPaths = (
				"${PODS_PODFILE_DIR_PATH}/Podfile.lock",
				"${PODS_ROOT}/Manifest.lock",
			);
			name = "[CP] Check Pods Manifest.lock";
			outputFileListPaths = (
			);
			outputPaths = (
				"$(DERIVED_FILE_DIR)/Pods-WePet-checkManifestLockResult.txt",
			);
			runOnlyForDeploymentPostprocessing = 0;
			shellPath = /bin/sh;
			shellScript = "diff \"${PODS_PODFILE_DIR_PATH}/Podfile.lock\" \"${PODS_ROOT}/Manifest.lock\" > /dev/null\nif [ $? != 0 ] ; then\n    # print error to STDERR\n    echo \"error: The sandbox is not in sync with the Podfile.lock. Run 'pod install' or update your CocoaPods installation.\" >&2\n    exit 1\nfi\n# This output is used by Xcode 'outputs' to avoid re-running this script phase.\necho \"SUCCESS\" > \"${SCRIPT_OUTPUT_FILE_0}\"\n";
			showEnvVarsInLog = 0;
		};
		850834B59FD1FE6C786A6031 /* [CP] Embed Pods Frameworks */ = {
			isa = PBXShellScriptBuildPhase;
			buildActionMask = 2147483647;
			files = (
			);
			inputFileListPaths = (
				"${PODS_ROOT}/Target Support Files/Pods-WePet/Pods-WePet-frameworks-${CONFIGURATION}-input-files.xcfilelist",
			);
			name = "[CP] Embed Pods Frameworks";
			outputFileListPaths = (
				"${PODS_ROOT}/Target Support Files/Pods-WePet/Pods-WePet-frameworks-${CONFIGURATION}-output-files.xcfilelist",
			);
			runOnlyForDeploymentPostprocessing = 0;
			shellPath = /bin/sh;
			shellScript = "\"${PODS_ROOT}/Target Support Files/Pods-WePet/Pods-WePet-frameworks.sh\"\n";
			showEnvVarsInLog = 0;
		};
		CDDCE377380E88672DC6D550 /* [CP] Copy Pods Resources */ = {
			isa = PBXShellScriptBuildPhase;
			buildActionMask = 2147483647;
			files = (
			);
			inputFileListPaths = (
				"${PODS_ROOT}/Target Support Files/Pods-WePet/Pods-WePet-resources-${CONFIGURATION}-input-files.xcfilelist",
			);
			name = "[CP] Copy Pods Resources";
			outputFileListPaths = (
				"${PODS_ROOT}/Target Support Files/Pods-WePet/Pods-WePet-resources-${CONFIGURATION}-output-files.xcfilelist",
			);
			runOnlyForDeploymentPostprocessing = 0;
			shellPath = /bin/sh;
			shellScript = "\"${PODS_ROOT}/Target Support Files/Pods-WePet/Pods-WePet-resources.sh\"\n";
			showEnvVarsInLog = 0;
		};
/* End PBXShellScriptBuildPhase section */

/* Begin PBXSourcesBuildPhase section */
		2D0E58B72351B55A008F82BE /* Sources */ = {
			isa = PBXSourcesBuildPhase;
			buildActionMask = 2147483647;
			files = (
				2D0E58C32351B55A008F82BE /* ViewController.swift in Sources */,
				2D0E58BF2351B55A008F82BE /* AppDelegate.swift in Sources */,
			);
			runOnlyForDeploymentPostprocessing = 0;
		};
/* End PBXSourcesBuildPhase section */

/* Begin PBXVariantGroup section */
		2D0E58C42351B55A008F82BE /* Main.storyboard */ = {
			isa = PBXVariantGroup;
			children = (
				2D0E58C52351B55A008F82BE /* Base */,
			);
			name = Main.storyboard;
			sourceTree = "<group>";
		};
		2D0E58C92351B55B008F82BE /* LaunchScreen.storyboard */ = {
			isa = PBXVariantGroup;
			children = (
				2D0E58CA2351B55B008F82BE /* Base */,
			);
			name = LaunchScreen.storyboard;
			sourceTree = "<group>";
		};
/* End PBXVariantGroup section */

/* Begin XCBuildConfiguration section */
		2D0E58CD2351B55B008F82BE /* Debug */ = {
			isa = XCBuildConfiguration;
			buildSettings = {
				ALWAYS_SEARCH_USER_PATHS = NO;
				CLANG_ANALYZER_NONNULL = YES;
				CLANG_ANALYZER_NUMBER_OBJECT_CONVERSION = YES_AGGRESSIVE;
				CLANG_CXX_LANGUAGE_STANDARD = "gnu++14";
				CLANG_CXX_LIBRARY = "libc++";
				CLANG_ENABLE_MODULES = YES;
				CLANG_ENABLE_OBJC_ARC = YES;
				CLANG_ENABLE_OBJC_WEAK = YES;
				CLANG_WARN_BLOCK_CAPTURE_AUTORELEASING = YES;
				CLANG_WARN_BOOL_CONVERSION = YES;
				CLANG_WARN_COMMA = YES;
				CLANG_WARN_CONSTANT_CONVERSION = YES;
				CLANG_WARN_DEPRECATED_OBJC_IMPLEMENTATIONS = YES;
				CLANG_WARN_DIRECT_OBJC_ISA_USAGE = YES_ERROR;
				CLANG_WARN_DOCUMENTATION_COMMENTS = YES;
				CLANG_WARN_EMPTY_BODY = YES;
				CLANG_WARN_ENUM_CONVERSION = YES;
				CLANG_WARN_INFINITE_RECURSION = YES;
				CLANG_WARN_INT_CONVERSION = YES;
				CLANG_WARN_NON_LITERAL_NULL_CONVERSION = YES;
				CLANG_WARN_OBJC_IMPLICIT_RETAIN_SELF = YES;
				CLANG_WARN_OBJC_LITERAL_CONVERSION = YES;
				CLANG_WARN_OBJC_ROOT_CLASS = YES_ERROR;
				CLANG_WARN_RANGE_LOOP_ANALYSIS = YES;
				CLANG_WARN_STRICT_PROTOTYPES = YES;
				CLANG_WARN_SUSPICIOUS_MOVE = YES;
				CLANG_WARN_UNGUARDED_AVAILABILITY = YES_AGGRESSIVE;
				CLANG_WARN_UNREACHABLE_CODE = YES;
				CLANG_WARN__DUPLICATE_METHOD_MATCH = YES;
				COPY_PHASE_STRIP = NO;
				DEBUG_INFORMATION_FORMAT = dwarf;
				ENABLE_STRICT_OBJC_MSGSEND = YES;
				ENABLE_TESTABILITY = YES;
				GCC_C_LANGUAGE_STANDARD = gnu11;
				GCC_DYNAMIC_NO_PIC = NO;
				GCC_NO_COMMON_BLOCKS = YES;
				GCC_OPTIMIZATION_LEVEL = 0;
				GCC_PREPROCESSOR_DEFINITIONS = (
					"DEBUG=1",
					"$(inherited)",
				);
				GCC_WARN_64_TO_32_BIT_CONVERSION = YES;
				GCC_WARN_ABOUT_RETURN_TYPE = YES_ERROR;
				GCC_WARN_UNDECLARED_SELECTOR = YES;
				GCC_WARN_UNINITIALIZED_AUTOS = YES_AGGRESSIVE;
				GCC_WARN_UNUSED_FUNCTION = YES;
				GCC_WARN_UNUSED_VARIABLE = YES;
				IPHONEOS_DEPLOYMENT_TARGET = 11.0;
				MTL_ENABLE_DEBUG_INFO = INCLUDE_SOURCE;
				MTL_FAST_MATH = YES;
				ONLY_ACTIVE_ARCH = YES;
				SDKROOT = iphoneos;
				SWIFT_ACTIVE_COMPILATION_CONDITIONS = DEBUG;
				SWIFT_OPTIMIZATION_LEVEL = "-Onone";
			};
			name = Debug;
		};
		2D0E58CE2351B55B008F82BE /* Release */ = {
			isa = XCBuildConfiguration;
			buildSettings = {
				ALWAYS_SEARCH_USER_PATHS = NO;
				CLANG_ANALYZER_NONNULL = YES;
				CLANG_ANALYZER_NUMBER_OBJECT_CONVERSION = YES_AGGRESSIVE;
				CLANG_CXX_LANGUAGE_STANDARD = "gnu++14";
				CLANG_CXX_LIBRARY = "libc++";
				CLANG_ENABLE_MODULES = YES;
				CLANG_ENABLE_OBJC_ARC = YES;
				CLANG_ENABLE_OBJC_WEAK = YES;
				CLANG_WARN_BLOCK_CAPTURE_AUTORELEASING = YES;
				CLANG_WARN_BOOL_CONVERSION = YES;
				CLANG_WARN_COMMA = YES;
				CLANG_WARN_CONSTANT_CONVERSION = YES;
				CLANG_WARN_DEPRECATED_OBJC_IMPLEMENTATIONS = YES;
				CLANG_WARN_DIRECT_OBJC_ISA_USAGE = YES_ERROR;
				CLANG_WARN_DOCUMENTATION_COMMENTS = YES;
				CLANG_WARN_EMPTY_BODY = YES;
				CLANG_WARN_ENUM_CONVERSION = YES;
				CLANG_WARN_INFINITE_RECURSION = YES;
				CLANG_WARN_INT_CONVERSION = YES;
				CLANG_WARN_NON_LITERAL_NULL_CONVERSION = YES;
				CLANG_WARN_OBJC_IMPLICIT_RETAIN_SELF = YES;
				CLANG_WARN_OBJC_LITERAL_CONVERSION = YES;
				CLANG_WARN_OBJC_ROOT_CLASS = YES_ERROR;
				CLANG_WARN_RANGE_LOOP_ANALYSIS = YES;
				CLANG_WARN_STRICT_PROTOTYPES = YES;
				CLANG_WARN_SUSPICIOUS_MOVE = YES;
				CLANG_WARN_UNGUARDED_AVAILABILITY = YES_AGGRESSIVE;
				CLANG_WARN_UNREACHABLE_CODE = YES;
				CLANG_WARN__DUPLICATE_METHOD_MATCH = YES;
				COPY_PHASE_STRIP = NO;
				DEBUG_INFORMATION_FORMAT = "dwarf-with-dsym";
				ENABLE_NS_ASSERTIONS = NO;
				ENABLE_STRICT_OBJC_MSGSEND = YES;
				GCC_C_LANGUAGE_STANDARD = gnu11;
				GCC_NO_COMMON_BLOCKS = YES;
				GCC_WARN_64_TO_32_BIT_CONVERSION = YES;
				GCC_WARN_ABOUT_RETURN_TYPE = YES_ERROR;
				GCC_WARN_UNDECLARED_SELECTOR = YES;
				GCC_WARN_UNINITIALIZED_AUTOS = YES_AGGRESSIVE;
				GCC_WARN_UNUSED_FUNCTION = YES;
				GCC_WARN_UNUSED_VARIABLE = YES;
				IPHONEOS_DEPLOYMENT_TARGET = 11.0;
				MTL_ENABLE_DEBUG_INFO = NO;
				MTL_FAST_MATH = YES;
				SDKROOT = iphoneos;
				SWIFT_COMPILATION_MODE = wholemodule;
				SWIFT_OPTIMIZATION_LEVEL = "-O";
				VALIDATE_PRODUCT = YES;
			};
			name = Release;
		};
		2D0E58D02351B55B008F82BE /* Debug */ = {
			isa = XCBuildConfiguration;
			baseConfigurationReference = B2B8E65FB8DFC5373D6E67ED /* Pods-WePet.debug.xcconfig */;
			buildSettings = {
				ASSETCATALOG_COMPILER_APPICON_NAME = AppIcon;
				CODE_SIGN_STYLE = Automatic;
				INFOPLIST_FILE = WePet/Info.plist;
				LD_RUNPATH_SEARCH_PATHS = (
					"$(inherited)",
					"@executable_path/Frameworks",
				);
				PRODUCT_BUNDLE_IDENTIFIER = com.depromeet.WePet;
				PRODUCT_NAME = "$(TARGET_NAME)";
				SWIFT_VERSION = 5.0;
				TARGETED_DEVICE_FAMILY = "1,2";
			};
			name = Debug;
		};
		2D0E58D12351B55B008F82BE /* Release */ = {
			isa = XCBuildConfiguration;
			baseConfigurationReference = 9DF652025FE8EE0597F29285 /* Pods-WePet.release.xcconfig */;
			buildSettings = {
				ASSETCATALOG_COMPILER_APPICON_NAME = AppIcon;
				CODE_SIGN_STYLE = Automatic;
				INFOPLIST_FILE = WePet/Info.plist;
				LD_RUNPATH_SEARCH_PATHS = (
					"$(inherited)",
					"@executable_path/Frameworks",
				);
				PRODUCT_BUNDLE_IDENTIFIER = com.depromeet.WePet;
				PRODUCT_NAME = "$(TARGET_NAME)";
				SWIFT_VERSION = 5.0;
				TARGETED_DEVICE_FAMILY = "1,2";
			};
			name = Release;
		};
/* End XCBuildConfiguration section */

/* Begin XCConfigurationList section */
		2D0E58B62351B55A008F82BE /* Build configuration list for PBXProject "WePet" */ = {
			isa = XCConfigurationList;
			buildConfigurations = (
				2D0E58CD2351B55B008F82BE /* Debug */,
				2D0E58CE2351B55B008F82BE /* Release */,
			);
			defaultConfigurationIsVisible = 0;
			defaultConfigurationName = Release;
		};
		2D0E58CF2351B55B008F82BE /* Build configuration list for PBXNativeTarget "WePet" */ = {
			isa = XCConfigurationList;
			buildConfigurations = (
				2D0E58D02351B55B008F82BE /* Debug */,
				2D0E58D12351B55B008F82BE /* Release */,
			);
			defaultConfigurationIsVisible = 0;
			defaultConfigurationName = Release;
		};
/* End XCConfigurationList section */
	};
	rootObject = 2D0E58B32351B55A008F82BE /* Project object */;
}
