// !$*UTF8*$!
{
	archiveVersion = 1;
	classes = {
	};
	objectVersion = 51;
	objects = {

/* Begin PBXBuildFile section */
		2D0E58BF2351B55A008F82BE /* AppDelegate.swift in Sources */ = {isa = PBXBuildFile; fileRef = 2D0E58BE2351B55A008F82BE /* AppDelegate.swift */; };
		2D0E58C82351B55B008F82BE /* Image.xcassets in Resources */ = {isa = PBXBuildFile; fileRef = 2D0E58C72351B55B008F82BE /* Image.xcassets */; };
		2D4D61CE2364273B0090DB52 /* BaseViewController.swift in Sources */ = {isa = PBXBuildFile; fileRef = 2D4D61CD2364273B0090DB52 /* BaseViewController.swift */; };
		2D4D61D1236429EB0090DB52 /* Int+Additions.swift in Sources */ = {isa = PBXBuildFile; fileRef = 2D4D61D0236429EB0090DB52 /* Int+Additions.swift */; };
		2D4D61D6236433BF0090DB52 /* WeatherView.swift in Sources */ = {isa = PBXBuildFile; fileRef = 2D4D61D5236433BF0090DB52 /* WeatherView.swift */; };
		2D4D61DB23645A590090DB52 /* Color.xcassets in Resources */ = {isa = PBXBuildFile; fileRef = 2D4D61DA23645A590090DB52 /* Color.xcassets */; };
		2D4D61DD23645CC40090DB52 /* BaseView.swift in Sources */ = {isa = PBXBuildFile; fileRef = 2D4D61DC23645CC40090DB52 /* BaseView.swift */; };
		2D4D61E223646BD00090DB52 /* SpotlistViewController.swift in Sources */ = {isa = PBXBuildFile; fileRef = 2D4D61E123646BD00090DB52 /* SpotlistViewController.swift */; };
		2D4D61E623646C500090DB52 /* SpotlistPresenter.swift in Sources */ = {isa = PBXBuildFile; fileRef = 2D4D61E523646C500090DB52 /* SpotlistPresenter.swift */; };
		2D4D61E823646CD10090DB52 /* Category.swift in Sources */ = {isa = PBXBuildFile; fileRef = 2D4D61E723646CD10090DB52 /* Category.swift */; };
		2D4D61EB236471F60090DB52 /* SpotCell.swift in Sources */ = {isa = PBXBuildFile; fileRef = 2D4D61EA236471F60090DB52 /* SpotCell.swift */; };
		2D4D61ED236472230090DB52 /* BaseTableViewCell.swift in Sources */ = {isa = PBXBuildFile; fileRef = 2D4D61EC236472230090DB52 /* BaseTableViewCell.swift */; };
		2D4D61F12364B6E70090DB52 /* CategoryTabView.swift in Sources */ = {isa = PBXBuildFile; fileRef = 2D4D61F02364B6E70090DB52 /* CategoryTabView.swift */; };
		2D7FA2C32364207A00E7D3BD /* MapViewController.swift in Sources */ = {isa = PBXBuildFile; fileRef = 2D7FA2C22364207A00E7D3BD /* MapViewController.swift */; };
		2D7FA2C5236420A500E7D3BD /* HomeViewController.swift in Sources */ = {isa = PBXBuildFile; fileRef = 2D7FA2C4236420A500E7D3BD /* HomeViewController.swift */; };
		2D7FA2C8236420E400E7D3BD /* Launch.storyboard in Resources */ = {isa = PBXBuildFile; fileRef = 2D7FA2C7236420E400E7D3BD /* Launch.storyboard */; };
		2D7FA2CB236421A100E7D3BD /* ApplicationCoordinator.swift in Sources */ = {isa = PBXBuildFile; fileRef = 2D7FA2CA236421A100E7D3BD /* ApplicationCoordinator.swift */; };
		2D7FA2CD236422D900E7D3BD /* HomePresenter.swift in Sources */ = {isa = PBXBuildFile; fileRef = 2D7FA2CC236422D900E7D3BD /* HomePresenter.swift */; };
		2D7FA2CF236422ED00E7D3BD /* MapPresenter.swift in Sources */ = {isa = PBXBuildFile; fileRef = 2D7FA2CE236422ED00E7D3BD /* MapPresenter.swift */; };
		2D8743DF236C9CD200FA2EED /* ImageLoader.swift in Sources */ = {isa = PBXBuildFile; fileRef = 2D8743DE236C9CD200FA2EED /* ImageLoader.swift */; };
		2D95EF632366FCB9009E0ADE /* Location.swift in Sources */ = {isa = PBXBuildFile; fileRef = 2D95EF622366FCB9009E0ADE /* Location.swift */; };
		2D95EF6523671A2E009E0ADE /* ResponseData.swift in Sources */ = {isa = PBXBuildFile; fileRef = 2D95EF6423671A2E009E0ADE /* ResponseData.swift */; };
		2D9601332354C1A400B76984 /* Networking.swift in Sources */ = {isa = PBXBuildFile; fileRef = 2D9601322354C1A400B76984 /* Networking.swift */; };
		2D9601352354C1E400B76984 /* MapAPI.swift in Sources */ = {isa = PBXBuildFile; fileRef = 2D9601342354C1E400B76984 /* MapAPI.swift */; };
		2D9601372354C2BF00B76984 /* MapService.swift in Sources */ = {isa = PBXBuildFile; fileRef = 2D9601362354C2BF00B76984 /* MapService.swift */; };
		2D96013A2354C34700B76984 /* WeatherService.swift in Sources */ = {isa = PBXBuildFile; fileRef = 2D9601392354C34700B76984 /* WeatherService.swift */; };
		2D96013C2354C39300B76984 /* WeatherAPI.swift in Sources */ = {isa = PBXBuildFile; fileRef = 2D96013B2354C39300B76984 /* WeatherAPI.swift */; };
		2D9601402354CE4500B76984 /* Logger.swift in Sources */ = {isa = PBXBuildFile; fileRef = 2D96013F2354CE4500B76984 /* Logger.swift */; };
		2D9D42DC2354D1BB002B4534 /* Spot.swift in Sources */ = {isa = PBXBuildFile; fileRef = 2D9D42DB2354D1BB002B4534 /* Spot.swift */; };
		2D9D42DE2354DA82002B4534 /* WepetError.swift in Sources */ = {isa = PBXBuildFile; fileRef = 2D9D42DD2354DA82002B4534 /* WepetError.swift */; };
		2D9D42E12354DE08002B4534 /* Weather.swift in Sources */ = {isa = PBXBuildFile; fileRef = 2D9D42E02354DE08002B4534 /* Weather.swift */; };
		2D9D42E52354ED2A002B4534 /* ApplicationInjector.swift in Sources */ = {isa = PBXBuildFile; fileRef = 2D9D42E42354ED2A002B4534 /* ApplicationInjector.swift */; };
		2DD4A029236D5870002BF6B5 /* SpotDetailViewController.swift in Sources */ = {isa = PBXBuildFile; fileRef = 2DD4A028236D5870002BF6B5 /* SpotDetailViewController.swift */; };
		2DD4A02B236D587B002BF6B5 /* SpotDetail.storyboard in Resources */ = {isa = PBXBuildFile; fileRef = 2DD4A02A236D587B002BF6B5 /* SpotDetail.storyboard */; };
		2DD4A02D236D58BD002BF6B5 /* SpotDetailPresenter.swift in Sources */ = {isa = PBXBuildFile; fileRef = 2DD4A02C236D58BD002BF6B5 /* SpotDetailPresenter.swift */; };
		2DD4A02F236D6AB0002BF6B5 /* UIViewController+Additions.swift in Sources */ = {isa = PBXBuildFile; fileRef = 2DD4A02E236D6AB0002BF6B5 /* UIViewController+Additions.swift */; };
		D790C183AFEFAC21002432CF /* Pods_WePet.framework in Frameworks */ = {isa = PBXBuildFile; fileRef = C9697D62530A13F54932E9C3 /* Pods_WePet.framework */; };
		EE294F08236B468E00BC77A7 /* MapDetailViewController.swift in Sources */ = {isa = PBXBuildFile; fileRef = EE294F07236B468E00BC77A7 /* MapDetailViewController.swift */; };
		EE294F0B236B479300BC77A7 /* InfoCell.swift in Sources */ = {isa = PBXBuildFile; fileRef = EE294F0A236B479300BC77A7 /* InfoCell.swift */; };
		EE294F0D236B564100BC77A7 /* MapDetailPresenter.swift in Sources */ = {isa = PBXBuildFile; fileRef = EE294F0C236B564100BC77A7 /* MapDetailPresenter.swift */; };
		EE4B79CA2369881000D1D29D /* BottomSheetViewController.swift in Sources */ = {isa = PBXBuildFile; fileRef = EE4B79C92369881000D1D29D /* BottomSheetViewController.swift */; };
		EE4B79CC236997E600D1D29D /* BottomSheetPresenter.swift in Sources */ = {isa = PBXBuildFile; fileRef = EE4B79CB236997E600D1D29D /* BottomSheetPresenter.swift */; };
		EEEA7C6F236D5B46008159BA /* BottomImageButton.swift in Sources */ = {isa = PBXBuildFile; fileRef = EEEA7C6E236D5B46008159BA /* BottomImageButton.swift */; };
		EEEA7C74236D5C88008159BA /* TapAnimation.swift in Sources */ = {isa = PBXBuildFile; fileRef = EEEA7C73236D5C88008159BA /* TapAnimation.swift */; };
/* End PBXBuildFile section */

/* Begin PBXFileReference section */
		2D0E58BB2351B55A008F82BE /* Wepet.app */ = {isa = PBXFileReference; explicitFileType = wrapper.application; includeInIndex = 0; path = Wepet.app; sourceTree = BUILT_PRODUCTS_DIR; };
		2D0E58BE2351B55A008F82BE /* AppDelegate.swift */ = {isa = PBXFileReference; indentWidth = 4; lastKnownFileType = sourcecode.swift; path = AppDelegate.swift; sourceTree = "<group>"; tabWidth = 4; };
		2D0E58C72351B55B008F82BE /* Image.xcassets */ = {isa = PBXFileReference; lastKnownFileType = folder.assetcatalog; path = Image.xcassets; sourceTree = "<group>"; };
		2D0E58CC2351B55B008F82BE /* Info.plist */ = {isa = PBXFileReference; lastKnownFileType = text.plist.xml; path = Info.plist; sourceTree = "<group>"; };
		2D4D61CD2364273B0090DB52 /* BaseViewController.swift */ = {isa = PBXFileReference; lastKnownFileType = sourcecode.swift; path = BaseViewController.swift; sourceTree = "<group>"; };
		2D4D61D0236429EB0090DB52 /* Int+Additions.swift */ = {isa = PBXFileReference; lastKnownFileType = sourcecode.swift; path = "Int+Additions.swift"; sourceTree = "<group>"; };
		2D4D61D5236433BF0090DB52 /* WeatherView.swift */ = {isa = PBXFileReference; lastKnownFileType = sourcecode.swift; path = WeatherView.swift; sourceTree = "<group>"; };
		2D4D61DA23645A590090DB52 /* Color.xcassets */ = {isa = PBXFileReference; lastKnownFileType = folder.assetcatalog; path = Color.xcassets; sourceTree = "<group>"; };
		2D4D61DC23645CC40090DB52 /* BaseView.swift */ = {isa = PBXFileReference; lastKnownFileType = sourcecode.swift; path = BaseView.swift; sourceTree = "<group>"; };
		2D4D61E123646BD00090DB52 /* SpotlistViewController.swift */ = {isa = PBXFileReference; lastKnownFileType = sourcecode.swift; path = SpotlistViewController.swift; sourceTree = "<group>"; };
		2D4D61E523646C500090DB52 /* SpotlistPresenter.swift */ = {isa = PBXFileReference; lastKnownFileType = sourcecode.swift; path = SpotlistPresenter.swift; sourceTree = "<group>"; };
		2D4D61E723646CD10090DB52 /* Category.swift */ = {isa = PBXFileReference; lastKnownFileType = sourcecode.swift; path = Category.swift; sourceTree = "<group>"; };
		2D4D61EA236471F60090DB52 /* SpotCell.swift */ = {isa = PBXFileReference; lastKnownFileType = sourcecode.swift; path = SpotCell.swift; sourceTree = "<group>"; };
		2D4D61EC236472230090DB52 /* BaseTableViewCell.swift */ = {isa = PBXFileReference; lastKnownFileType = sourcecode.swift; path = BaseTableViewCell.swift; sourceTree = "<group>"; };
		2D4D61F02364B6E70090DB52 /* CategoryTabView.swift */ = {isa = PBXFileReference; lastKnownFileType = sourcecode.swift; path = CategoryTabView.swift; sourceTree = "<group>"; };
		2D7FA2C22364207A00E7D3BD /* MapViewController.swift */ = {isa = PBXFileReference; lastKnownFileType = sourcecode.swift; path = MapViewController.swift; sourceTree = "<group>"; };
		2D7FA2C4236420A500E7D3BD /* HomeViewController.swift */ = {isa = PBXFileReference; lastKnownFileType = sourcecode.swift; path = HomeViewController.swift; sourceTree = "<group>"; };
		2D7FA2C7236420E400E7D3BD /* Launch.storyboard */ = {isa = PBXFileReference; lastKnownFileType = file.storyboard; path = Launch.storyboard; sourceTree = "<group>"; };
		2D7FA2CA236421A100E7D3BD /* ApplicationCoordinator.swift */ = {isa = PBXFileReference; lastKnownFileType = sourcecode.swift; path = ApplicationCoordinator.swift; sourceTree = "<group>"; };
		2D7FA2CC236422D900E7D3BD /* HomePresenter.swift */ = {isa = PBXFileReference; lastKnownFileType = sourcecode.swift; path = HomePresenter.swift; sourceTree = "<group>"; };
		2D7FA2CE236422ED00E7D3BD /* MapPresenter.swift */ = {isa = PBXFileReference; lastKnownFileType = sourcecode.swift; path = MapPresenter.swift; sourceTree = "<group>"; };
		2D8743DE236C9CD200FA2EED /* ImageLoader.swift */ = {isa = PBXFileReference; lastKnownFileType = sourcecode.swift; path = ImageLoader.swift; sourceTree = "<group>"; };
		2D95EF622366FCB9009E0ADE /* Location.swift */ = {isa = PBXFileReference; lastKnownFileType = sourcecode.swift; path = Location.swift; sourceTree = "<group>"; };
		2D95EF6423671A2E009E0ADE /* ResponseData.swift */ = {isa = PBXFileReference; lastKnownFileType = sourcecode.swift; path = ResponseData.swift; sourceTree = "<group>"; };
		2D9601322354C1A400B76984 /* Networking.swift */ = {isa = PBXFileReference; lastKnownFileType = sourcecode.swift; path = Networking.swift; sourceTree = "<group>"; };
		2D9601342354C1E400B76984 /* MapAPI.swift */ = {isa = PBXFileReference; lastKnownFileType = sourcecode.swift; path = MapAPI.swift; sourceTree = "<group>"; };
		2D9601362354C2BF00B76984 /* MapService.swift */ = {isa = PBXFileReference; lastKnownFileType = sourcecode.swift; path = MapService.swift; sourceTree = "<group>"; };
		2D9601392354C34700B76984 /* WeatherService.swift */ = {isa = PBXFileReference; lastKnownFileType = sourcecode.swift; path = WeatherService.swift; sourceTree = "<group>"; };
		2D96013B2354C39300B76984 /* WeatherAPI.swift */ = {isa = PBXFileReference; lastKnownFileType = sourcecode.swift; path = WeatherAPI.swift; sourceTree = "<group>"; };
		2D96013F2354CE4500B76984 /* Logger.swift */ = {isa = PBXFileReference; lastKnownFileType = sourcecode.swift; path = Logger.swift; sourceTree = "<group>"; };
		2D9D42DB2354D1BB002B4534 /* Spot.swift */ = {isa = PBXFileReference; lastKnownFileType = sourcecode.swift; path = Spot.swift; sourceTree = "<group>"; };
		2D9D42DD2354DA82002B4534 /* WepetError.swift */ = {isa = PBXFileReference; lastKnownFileType = sourcecode.swift; path = WepetError.swift; sourceTree = "<group>"; };
		2D9D42E02354DE08002B4534 /* Weather.swift */ = {isa = PBXFileReference; lastKnownFileType = sourcecode.swift; path = Weather.swift; sourceTree = "<group>"; };
		2D9D42E42354ED2A002B4534 /* ApplicationInjector.swift */ = {isa = PBXFileReference; lastKnownFileType = sourcecode.swift; path = ApplicationInjector.swift; sourceTree = "<group>"; };
		2DD4A028236D5870002BF6B5 /* SpotDetailViewController.swift */ = {isa = PBXFileReference; lastKnownFileType = sourcecode.swift; path = SpotDetailViewController.swift; sourceTree = "<group>"; };
		2DD4A02A236D587B002BF6B5 /* SpotDetail.storyboard */ = {isa = PBXFileReference; lastKnownFileType = file.storyboard; path = SpotDetail.storyboard; sourceTree = "<group>"; };
		2DD4A02C236D58BD002BF6B5 /* SpotDetailPresenter.swift */ = {isa = PBXFileReference; lastKnownFileType = sourcecode.swift; path = SpotDetailPresenter.swift; sourceTree = "<group>"; };
		2DD4A02E236D6AB0002BF6B5 /* UIViewController+Additions.swift */ = {isa = PBXFileReference; lastKnownFileType = sourcecode.swift; path = "UIViewController+Additions.swift"; sourceTree = "<group>"; };
		9DF652025FE8EE0597F29285 /* Pods-WePet.release.xcconfig */ = {isa = PBXFileReference; includeInIndex = 1; lastKnownFileType = text.xcconfig; name = "Pods-WePet.release.xcconfig"; path = "Target Support Files/Pods-WePet/Pods-WePet.release.xcconfig"; sourceTree = "<group>"; };
		B2B8E65FB8DFC5373D6E67ED /* Pods-WePet.debug.xcconfig */ = {isa = PBXFileReference; includeInIndex = 1; lastKnownFileType = text.xcconfig; name = "Pods-WePet.debug.xcconfig"; path = "Target Support Files/Pods-WePet/Pods-WePet.debug.xcconfig"; sourceTree = "<group>"; };
		C9697D62530A13F54932E9C3 /* Pods_WePet.framework */ = {isa = PBXFileReference; explicitFileType = wrapper.framework; includeInIndex = 0; path = Pods_WePet.framework; sourceTree = BUILT_PRODUCTS_DIR; };
		EE294F07236B468E00BC77A7 /* MapDetailViewController.swift */ = {isa = PBXFileReference; lastKnownFileType = sourcecode.swift; path = MapDetailViewController.swift; sourceTree = "<group>"; };
		EE294F0A236B479300BC77A7 /* InfoCell.swift */ = {isa = PBXFileReference; lastKnownFileType = sourcecode.swift; path = InfoCell.swift; sourceTree = "<group>"; };
		EE294F0C236B564100BC77A7 /* MapDetailPresenter.swift */ = {isa = PBXFileReference; lastKnownFileType = sourcecode.swift; path = MapDetailPresenter.swift; sourceTree = "<group>"; };
		EE4B79C92369881000D1D29D /* BottomSheetViewController.swift */ = {isa = PBXFileReference; lastKnownFileType = sourcecode.swift; path = BottomSheetViewController.swift; sourceTree = "<group>"; };
		EE4B79CB236997E600D1D29D /* BottomSheetPresenter.swift */ = {isa = PBXFileReference; lastKnownFileType = sourcecode.swift; path = BottomSheetPresenter.swift; sourceTree = "<group>"; };
		EEEA7C6E236D5B46008159BA /* BottomImageButton.swift */ = {isa = PBXFileReference; lastKnownFileType = sourcecode.swift; path = BottomImageButton.swift; sourceTree = "<group>"; };
		EEEA7C73236D5C88008159BA /* TapAnimation.swift */ = {isa = PBXFileReference; lastKnownFileType = sourcecode.swift; path = TapAnimation.swift; sourceTree = "<group>"; };
/* End PBXFileReference section */

/* Begin PBXFrameworksBuildPhase section */
		2D0E58B82351B55A008F82BE /* Frameworks */ = {
			isa = PBXFrameworksBuildPhase;
			buildActionMask = 2147483647;
			files = (
				D790C183AFEFAC21002432CF /* Pods_WePet.framework in Frameworks */,
			);
			runOnlyForDeploymentPostprocessing = 0;
		};
/* End PBXFrameworksBuildPhase section */

/* Begin PBXGroup section */
		2B52F60AD8A7368E0C1E9EFF /* Pods */ = {
			isa = PBXGroup;
			children = (
				B2B8E65FB8DFC5373D6E67ED /* Pods-WePet.debug.xcconfig */,
				9DF652025FE8EE0597F29285 /* Pods-WePet.release.xcconfig */,
			);
			path = Pods;
			sourceTree = "<group>";
		};
		2D0E58B22351B55A008F82BE = {
			isa = PBXGroup;
			children = (
				2D0E58BD2351B55A008F82BE /* WePet */,
				2D0E58BC2351B55A008F82BE /* Products */,
				2B52F60AD8A7368E0C1E9EFF /* Pods */,
				7288F35BC7D614D103CC3BDA /* Frameworks */,
			);
			sourceTree = "<group>";
		};
		2D0E58BC2351B55A008F82BE /* Products */ = {
			isa = PBXGroup;
			children = (
				2D0E58BB2351B55A008F82BE /* Wepet.app */,
			);
			name = Products;
			sourceTree = "<group>";
		};
		2D0E58BD2351B55A008F82BE /* WePet */ = {
			isa = PBXGroup;
			children = (
				2D96012B2354BF4400B76984 /* App */,
				2D96012C2354BF5100B76984 /* Resources */,
				2D96012D2354BF5800B76984 /* Supporting Files */,
			);
			path = WePet;
			sourceTree = "<group>";
		};
		2D4D61CF236429DF0090DB52 /* Extension */ = {
			isa = PBXGroup;
			children = (
				2D4D61D0236429EB0090DB52 /* Int+Additions.swift */,
				2DD4A02E236D6AB0002BF6B5 /* UIViewController+Additions.swift */,
			);
			path = Extension;
			sourceTree = "<group>";
		};
		2D4D61D7236456FF0090DB52 /* Color */ = {
			isa = PBXGroup;
			children = (
				2D4D61DA23645A590090DB52 /* Color.xcassets */,
			);
			path = Color;
			sourceTree = "<group>";
		};
		2D4D61E0236469520090DB52 /* Common */ = {
			isa = PBXGroup;
			children = (
				2D4D61D5236433BF0090DB52 /* WeatherView.swift */,
				2D4D61F02364B6E70090DB52 /* CategoryTabView.swift */,
			);
			path = Common;
			sourceTree = "<group>";
		};
		2D4D61E323646BDC0090DB52 /* Spot */ = {
			isa = PBXGroup;
			children = (
				2DD4A027236D5857002BF6B5 /* SpotDetail */,
				2D4D61E423646BF40090DB52 /* Spotlist */,
			);
			path = Spot;
			sourceTree = "<group>";
		};
		2D4D61E423646BF40090DB52 /* Spotlist */ = {
			isa = PBXGroup;
			children = (
				2D4D61E9236471EC0090DB52 /* Cell */,
				2D4D61E123646BD00090DB52 /* SpotlistViewController.swift */,
				2D4D61E523646C500090DB52 /* SpotlistPresenter.swift */,
			);
			path = Spotlist;
			sourceTree = "<group>";
		};
		2D4D61E9236471EC0090DB52 /* Cell */ = {
			isa = PBXGroup;
			children = (
				2D4D61EA236471F60090DB52 /* SpotCell.swift */,
			);
			path = Cell;
			sourceTree = "<group>";
		};
		2D7FA2C023641FEC00E7D3BD /* Map */ = {
			isa = PBXGroup;
			children = (
				2D7FA2CE236422ED00E7D3BD /* MapPresenter.swift */,
				2D7FA2C22364207A00E7D3BD /* MapViewController.swift */,
			);
			path = Map;
			sourceTree = "<group>";
		};
		2D7FA2C12364201D00E7D3BD /* Home */ = {
			isa = PBXGroup;
			children = (
				2D7FA2C4236420A500E7D3BD /* HomeViewController.swift */,
				2D7FA2CC236422D900E7D3BD /* HomePresenter.swift */,
			);
			path = Home;
			sourceTree = "<group>";
		};
		2D7FA2C6236420CC00E7D3BD /* Launch */ = {
			isa = PBXGroup;
			children = (
				2D7FA2C7236420E400E7D3BD /* Launch.storyboard */,
			);
			path = Launch;
			sourceTree = "<group>";
		};
		2D7FA2D02364231C00E7D3BD /* Base */ = {
			isa = PBXGroup;
			children = (
				2D4D61DC23645CC40090DB52 /* BaseView.swift */,
				2D4D61EC236472230090DB52 /* BaseTableViewCell.swift */,
				2D4D61CD2364273B0090DB52 /* BaseViewController.swift */,
			);
			path = Base;
			sourceTree = "<group>";
		};
		2D8743DD236C9CB100FA2EED /* Helper */ = {
			isa = PBXGroup;
			children = (
				2D8743DE236C9CD200FA2EED /* ImageLoader.swift */,
			);
			path = Helper;
			sourceTree = "<group>";
		};
		2D96012B2354BF4400B76984 /* App */ = {
			isa = PBXGroup;
			children = (
				2D0E58BE2351B55A008F82BE /* AppDelegate.swift */,
				2D9D42E42354ED2A002B4534 /* ApplicationInjector.swift */,
				2D7FA2CA236421A100E7D3BD /* ApplicationCoordinator.swift */,
				2D96013D2354CE3100B76984 /* Common */,
				2D9D42DF2354DBCE002B4534 /* Domain */,
				2D9D42DA2354D1A8002B4534 /* Entities */,
				2D8743DD236C9CB100FA2EED /* Helper */,
				2D9601312354C0C400B76984 /* Networking */,
				2D9601302354C0B000B76984 /* Services */,
				2D96012F2354C0AB00B76984 /* Views */,
			);
			path = App;
			sourceTree = "<group>";
		};
		2D96012C2354BF5100B76984 /* Resources */ = {
			isa = PBXGroup;
			children = (
				2D4D61D7236456FF0090DB52 /* Color */,
				2D96012E2354BF7B00B76984 /* Image */,
			);
			path = Resources;
			sourceTree = "<group>";
		};
		2D96012D2354BF5800B76984 /* Supporting Files */ = {
			isa = PBXGroup;
			children = (
				2D0E58CC2351B55B008F82BE /* Info.plist */,
			);
			path = "Supporting Files";
			sourceTree = "<group>";
		};
		2D96012E2354BF7B00B76984 /* Image */ = {
			isa = PBXGroup;
			children = (
				2D0E58C72351B55B008F82BE /* Image.xcassets */,
			);
			path = Image;
			sourceTree = "<group>";
		};
		2D96012F2354C0AB00B76984 /* Views */ = {
			isa = PBXGroup;
			children = (
				EEEA7C72236D5C6E008159BA /* Animation */,
				EEEA7C6D236D5AF8008159BA /* Button */,
				2D4D61E0236469520090DB52 /* Common */,
				2D7FA2D02364231C00E7D3BD /* Base */,
				2D7FA2C6236420CC00E7D3BD /* Launch */,
				2D7FA2C12364201D00E7D3BD /* Home */,
				2D4D61E323646BDC0090DB52 /* Spot */,
				2D7FA2C023641FEC00E7D3BD /* Map */,
				EE294F06236B466700BC77A7 /* MapDetail */,
				EE4B79C8236987D400D1D29D /* BottomSheet */,
			);
			path = Views;
			sourceTree = "<group>";
		};
		2D9601302354C0B000B76984 /* Services */ = {
			isa = PBXGroup;
			children = (
				2D9601362354C2BF00B76984 /* MapService.swift */,
				2D9601392354C34700B76984 /* WeatherService.swift */,
			);
			path = Services;
			sourceTree = "<group>";
		};
		2D9601312354C0C400B76984 /* Networking */ = {
			isa = PBXGroup;
			children = (
				2D9601322354C1A400B76984 /* Networking.swift */,
				2D9601342354C1E400B76984 /* MapAPI.swift */,
				2D96013B2354C39300B76984 /* WeatherAPI.swift */,
			);
			path = Networking;
			sourceTree = "<group>";
		};
		2D96013D2354CE3100B76984 /* Common */ = {
			isa = PBXGroup;
			children = (
				2D4D61CF236429DF0090DB52 /* Extension */,
				2D96013E2354CE3700B76984 /* Logger */,
			);
			path = Common;
			sourceTree = "<group>";
		};
		2D96013E2354CE3700B76984 /* Logger */ = {
			isa = PBXGroup;
			children = (
				2D96013F2354CE4500B76984 /* Logger.swift */,
			);
			path = Logger;
			sourceTree = "<group>";
		};
		2D9D42DA2354D1A8002B4534 /* Entities */ = {
			isa = PBXGroup;
			children = (
				2D9D42DB2354D1BB002B4534 /* Spot.swift */,
				2D9D42E02354DE08002B4534 /* Weather.swift */,
				2D95EF622366FCB9009E0ADE /* Location.swift */,
				2D95EF6423671A2E009E0ADE /* ResponseData.swift */,
			);
			path = Entities;
			sourceTree = "<group>";
		};
		2D9D42DF2354DBCE002B4534 /* Domain */ = {
			isa = PBXGroup;
			children = (
				2D9D42DD2354DA82002B4534 /* WepetError.swift */,
				2D4D61E723646CD10090DB52 /* Category.swift */,
			);
			path = Domain;
			sourceTree = "<group>";
		};
		2DD4A027236D5857002BF6B5 /* SpotDetail */ = {
			isa = PBXGroup;
			children = (
				2DD4A02A236D587B002BF6B5 /* SpotDetail.storyboard */,
				2DD4A028236D5870002BF6B5 /* SpotDetailViewController.swift */,
				2DD4A02C236D58BD002BF6B5 /* SpotDetailPresenter.swift */,
			);
			path = SpotDetail;
			sourceTree = "<group>";
		};
		7288F35BC7D614D103CC3BDA /* Frameworks */ = {
			isa = PBXGroup;
			children = (
				C9697D62530A13F54932E9C3 /* Pods_WePet.framework */,
			);
			name = Frameworks;
			sourceTree = "<group>";
		};
		EE294F06236B466700BC77A7 /* MapDetail */ = {
			isa = PBXGroup;
			children = (
				EE294F09236B477900BC77A7 /* Cell */,
				EE294F07236B468E00BC77A7 /* MapDetailViewController.swift */,
				EE294F0C236B564100BC77A7 /* MapDetailPresenter.swift */,
			);
			path = MapDetail;
			sourceTree = "<group>";
		};
		EE294F09236B477900BC77A7 /* Cell */ = {
			isa = PBXGroup;
			children = (
				EE294F0A236B479300BC77A7 /* InfoCell.swift */,
			);
			path = Cell;
			sourceTree = "<group>";
		};
		EE4B79C8236987D400D1D29D /* BottomSheet */ = {
			isa = PBXGroup;
			children = (
				EE4B79C92369881000D1D29D /* BottomSheetViewController.swift */,
				EE4B79CB236997E600D1D29D /* BottomSheetPresenter.swift */,
			);
			path = BottomSheet;
			sourceTree = "<group>";
		};
		EEEA7C6D236D5AF8008159BA /* Button */ = {
			isa = PBXGroup;
			children = (
				EEEA7C6E236D5B46008159BA /* BottomImageButton.swift */,
			);
			path = Button;
			sourceTree = "<group>";
		};
		EEEA7C72236D5C6E008159BA /* Animation */ = {
			isa = PBXGroup;
			children = (
				EEEA7C73236D5C88008159BA /* TapAnimation.swift */,
			);
			path = Animation;
			sourceTree = "<group>";
		};
/* End PBXGroup section */

/* Begin PBXNativeTarget section */
		2D0E58BA2351B55A008F82BE /* WePet */ = {
			isa = PBXNativeTarget;
			buildConfigurationList = 2D0E58CF2351B55B008F82BE /* Build configuration list for PBXNativeTarget "WePet" */;
			buildPhases = (
				42AFEBB449655BCFFB49C8D5 /* [CP] Check Pods Manifest.lock */,
				2D0E58B72351B55A008F82BE /* Sources */,
				2D0E58B82351B55A008F82BE /* Frameworks */,
				2D0E58B92351B55A008F82BE /* Resources */,
				850834B59FD1FE6C786A6031 /* [CP] Embed Pods Frameworks */,
				CDDCE377380E88672DC6D550 /* [CP] Copy Pods Resources */,
			);
			buildRules = (
			);
			dependencies = (
			);
			name = WePet;
			productName = WePet;
			productReference = 2D0E58BB2351B55A008F82BE /* Wepet.app */;
			productType = "com.apple.product-type.application";
		};
/* End PBXNativeTarget section */

/* Begin PBXProject section */
		2D0E58B32351B55A008F82BE /* Project object */ = {
			isa = PBXProject;
			attributes = {
				LastSwiftUpdateCheck = 1100;
				LastUpgradeCheck = 1100;
				ORGANIZATIONNAME = depromeet;
				TargetAttributes = {
					2D0E58BA2351B55A008F82BE = {
						CreatedOnToolsVersion = 11.0;
					};
				};
			};
			buildConfigurationList = 2D0E58B62351B55A008F82BE /* Build configuration list for PBXProject "WePet" */;
			compatibilityVersion = "Xcode 9.3";
			developmentRegion = en;
			hasScannedForEncodings = 0;
			knownRegions = (
				en,
				Base,
			);
			mainGroup = 2D0E58B22351B55A008F82BE;
			productRefGroup = 2D0E58BC2351B55A008F82BE /* Products */;
			projectDirPath = "";
			projectRoot = "";
			targets = (
				2D0E58BA2351B55A008F82BE /* WePet */,
			);
		};
/* End PBXProject section */

/* Begin PBXResourcesBuildPhase section */
		2D0E58B92351B55A008F82BE /* Resources */ = {
			isa = PBXResourcesBuildPhase;
			buildActionMask = 2147483647;
			files = (
				2D4D61DB23645A590090DB52 /* Color.xcassets in Resources */,
				2DD4A02B236D587B002BF6B5 /* SpotDetail.storyboard in Resources */,
				2D0E58C82351B55B008F82BE /* Image.xcassets in Resources */,
				2D7FA2C8236420E400E7D3BD /* Launch.storyboard in Resources */,
			);
			runOnlyForDeploymentPostprocessing = 0;
		};
/* End PBXResourcesBuildPhase section */

/* Begin PBXShellScriptBuildPhase section */
		42AFEBB449655BCFFB49C8D5 /* [CP] Check Pods Manifest.lock */ = {
			isa = PBXShellScriptBuildPhase;
			buildActionMask = 2147483647;
			files = (
			);
			inputFileListPaths = (
			);
			inputPaths = (
				"${PODS_PODFILE_DIR_PATH}/Podfile.lock",
				"${PODS_ROOT}/Manifest.lock",
			);
			name = "[CP] Check Pods Manifest.lock";
			outputFileListPaths = (
			);
			outputPaths = (
				"$(DERIVED_FILE_DIR)/Pods-WePet-checkManifestLockResult.txt",
			);
			runOnlyForDeploymentPostprocessing = 0;
			shellPath = /bin/sh;
			shellScript = "diff \"${PODS_PODFILE_DIR_PATH}/Podfile.lock\" \"${PODS_ROOT}/Manifest.lock\" > /dev/null\nif [ $? != 0 ] ; then\n    # print error to STDERR\n    echo \"error: The sandbox is not in sync with the Podfile.lock. Run 'pod install' or update your CocoaPods installation.\" >&2\n    exit 1\nfi\n# This output is used by Xcode 'outputs' to avoid re-running this script phase.\necho \"SUCCESS\" > \"${SCRIPT_OUTPUT_FILE_0}\"\n";
			showEnvVarsInLog = 0;
		};
		850834B59FD1FE6C786A6031 /* [CP] Embed Pods Frameworks */ = {
			isa = PBXShellScriptBuildPhase;
			buildActionMask = 2147483647;
			files = (
			);
			inputFileListPaths = (
				"${PODS_ROOT}/Target Support Files/Pods-WePet/Pods-WePet-frameworks-${CONFIGURATION}-input-files.xcfilelist",
			);
			name = "[CP] Embed Pods Frameworks";
			outputFileListPaths = (
				"${PODS_ROOT}/Target Support Files/Pods-WePet/Pods-WePet-frameworks-${CONFIGURATION}-output-files.xcfilelist",
			);
			runOnlyForDeploymentPostprocessing = 0;
			shellPath = /bin/sh;
			shellScript = "\"${PODS_ROOT}/Target Support Files/Pods-WePet/Pods-WePet-frameworks.sh\"\n";
			showEnvVarsInLog = 0;
		};
		CDDCE377380E88672DC6D550 /* [CP] Copy Pods Resources */ = {
			isa = PBXShellScriptBuildPhase;
			buildActionMask = 2147483647;
			files = (
			);
			inputFileListPaths = (
				"${PODS_ROOT}/Target Support Files/Pods-WePet/Pods-WePet-resources-${CONFIGURATION}-input-files.xcfilelist",
			);
			name = "[CP] Copy Pods Resources";
			outputFileListPaths = (
				"${PODS_ROOT}/Target Support Files/Pods-WePet/Pods-WePet-resources-${CONFIGURATION}-output-files.xcfilelist",
			);
			runOnlyForDeploymentPostprocessing = 0;
			shellPath = /bin/sh;
			shellScript = "\"${PODS_ROOT}/Target Support Files/Pods-WePet/Pods-WePet-resources.sh\"\n";
			showEnvVarsInLog = 0;
		};
/* End PBXShellScriptBuildPhase section */

/* Begin PBXSourcesBuildPhase section */
		2D0E58B72351B55A008F82BE /* Sources */ = {
			isa = PBXSourcesBuildPhase;
			buildActionMask = 2147483647;
			files = (
				2D9601372354C2BF00B76984 /* MapService.swift in Sources */,
				2D96013C2354C39300B76984 /* WeatherAPI.swift in Sources */,
				2D9D42DE2354DA82002B4534 /* WepetError.swift in Sources */,
				2D8743DF236C9CD200FA2EED /* ImageLoader.swift in Sources */,
				2D7FA2CF236422ED00E7D3BD /* MapPresenter.swift in Sources */,
				2D4D61ED236472230090DB52 /* BaseTableViewCell.swift in Sources */,
				2D7FA2CD236422D900E7D3BD /* HomePresenter.swift in Sources */,
				2D9D42E12354DE08002B4534 /* Weather.swift in Sources */,
				2D9601332354C1A400B76984 /* Networking.swift in Sources */,
				2D4D61CE2364273B0090DB52 /* BaseViewController.swift in Sources */,
				2DD4A029236D5870002BF6B5 /* SpotDetailViewController.swift in Sources */,
				2D7FA2C5236420A500E7D3BD /* HomeViewController.swift in Sources */,
				EE4B79CA2369881000D1D29D /* BottomSheetViewController.swift in Sources */,
				2D7FA2C32364207A00E7D3BD /* MapViewController.swift in Sources */,
				2D9D42E52354ED2A002B4534 /* ApplicationInjector.swift in Sources */,
				EEEA7C74236D5C88008159BA /* TapAnimation.swift in Sources */,
				2D0E58BF2351B55A008F82BE /* AppDelegate.swift in Sources */,
				2D95EF632366FCB9009E0ADE /* Location.swift in Sources */,
				EE4B79CC236997E600D1D29D /* BottomSheetPresenter.swift in Sources */,
				2D96013A2354C34700B76984 /* WeatherService.swift in Sources */,
				2D9601352354C1E400B76984 /* MapAPI.swift in Sources */,
				2D4D61E223646BD00090DB52 /* SpotlistViewController.swift in Sources */,
				2D4D61E823646CD10090DB52 /* Category.swift in Sources */,
				2D4D61D6236433BF0090DB52 /* WeatherView.swift in Sources */,
				EE294F0B236B479300BC77A7 /* InfoCell.swift in Sources */,
				2DD4A02F236D6AB0002BF6B5 /* UIViewController+Additions.swift in Sources */,
				EE294F08236B468E00BC77A7 /* MapDetailViewController.swift in Sources */,
				2D9D42DC2354D1BB002B4534 /* Spot.swift in Sources */,
				2D4D61EB236471F60090DB52 /* SpotCell.swift in Sources */,
				EEEA7C6F236D5B46008159BA /* BottomImageButton.swift in Sources */,
				2D4D61D1236429EB0090DB52 /* Int+Additions.swift in Sources */,
				2D95EF6523671A2E009E0ADE /* ResponseData.swift in Sources */,
				2DD4A02D236D58BD002BF6B5 /* SpotDetailPresenter.swift in Sources */,
				2D4D61F12364B6E70090DB52 /* CategoryTabView.swift in Sources */,
				2D4D61DD23645CC40090DB52 /* BaseView.swift in Sources */,
				EE294F0D236B564100BC77A7 /* MapDetailPresenter.swift in Sources */,
				2D4D61E623646C500090DB52 /* SpotlistPresenter.swift in Sources */,
				2D9601402354CE4500B76984 /* Logger.swift in Sources */,
				2D7FA2CB236421A100E7D3BD /* ApplicationCoordinator.swift in Sources */,
			);
			runOnlyForDeploymentPostprocessing = 0;
		};
/* End PBXSourcesBuildPhase section */

/* Begin XCBuildConfiguration section */
		2D0E58CD2351B55B008F82BE /* Debug */ = {
			isa = XCBuildConfiguration;
			buildSettings = {
				ALWAYS_SEARCH_USER_PATHS = NO;
				CLANG_ANALYZER_NONNULL = YES;
				CLANG_ANALYZER_NUMBER_OBJECT_CONVERSION = YES_AGGRESSIVE;
				CLANG_CXX_LANGUAGE_STANDARD = "gnu++14";
				CLANG_CXX_LIBRARY = "libc++";
				CLANG_ENABLE_MODULES = YES;
				CLANG_ENABLE_OBJC_ARC = YES;
				CLANG_ENABLE_OBJC_WEAK = YES;
				CLANG_WARN_BLOCK_CAPTURE_AUTORELEASING = YES;
				CLANG_WARN_BOOL_CONVERSION = YES;
				CLANG_WARN_COMMA = YES;
				CLANG_WARN_CONSTANT_CONVERSION = YES;
				CLANG_WARN_DEPRECATED_OBJC_IMPLEMENTATIONS = YES;
				CLANG_WARN_DIRECT_OBJC_ISA_USAGE = YES_ERROR;
				CLANG_WARN_DOCUMENTATION_COMMENTS = YES;
				CLANG_WARN_EMPTY_BODY = YES;
				CLANG_WARN_ENUM_CONVERSION = YES;
				CLANG_WARN_INFINITE_RECURSION = YES;
				CLANG_WARN_INT_CONVERSION = YES;
				CLANG_WARN_NON_LITERAL_NULL_CONVERSION = YES;
				CLANG_WARN_OBJC_IMPLICIT_RETAIN_SELF = YES;
				CLANG_WARN_OBJC_LITERAL_CONVERSION = YES;
				CLANG_WARN_OBJC_ROOT_CLASS = YES_ERROR;
				CLANG_WARN_RANGE_LOOP_ANALYSIS = YES;
				CLANG_WARN_STRICT_PROTOTYPES = YES;
				CLANG_WARN_SUSPICIOUS_MOVE = YES;
				CLANG_WARN_UNGUARDED_AVAILABILITY = YES_AGGRESSIVE;
				CLANG_WARN_UNREACHABLE_CODE = YES;
				CLANG_WARN__DUPLICATE_METHOD_MATCH = YES;
				COPY_PHASE_STRIP = NO;
				DEBUG_INFORMATION_FORMAT = dwarf;
				ENABLE_STRICT_OBJC_MSGSEND = YES;
				ENABLE_TESTABILITY = YES;
				GCC_C_LANGUAGE_STANDARD = gnu11;
				GCC_DYNAMIC_NO_PIC = NO;
				GCC_NO_COMMON_BLOCKS = YES;
				GCC_OPTIMIZATION_LEVEL = 0;
				GCC_PREPROCESSOR_DEFINITIONS = (
					"DEBUG=1",
					"$(inherited)",
				);
				GCC_WARN_64_TO_32_BIT_CONVERSION = YES;
				GCC_WARN_ABOUT_RETURN_TYPE = YES_ERROR;
				GCC_WARN_UNDECLARED_SELECTOR = YES;
				GCC_WARN_UNINITIALIZED_AUTOS = YES_AGGRESSIVE;
				GCC_WARN_UNUSED_FUNCTION = YES;
				GCC_WARN_UNUSED_VARIABLE = YES;
				IPHONEOS_DEPLOYMENT_TARGET = 11.0;
				MTL_ENABLE_DEBUG_INFO = INCLUDE_SOURCE;
				MTL_FAST_MATH = YES;
				ONLY_ACTIVE_ARCH = YES;
				SDKROOT = iphoneos;
				SWIFT_ACTIVE_COMPILATION_CONDITIONS = DEBUG;
				SWIFT_OPTIMIZATION_LEVEL = "-Onone";
			};
			name = Debug;
		};
		2D0E58CE2351B55B008F82BE /* Release */ = {
			isa = XCBuildConfiguration;
			buildSettings = {
				ALWAYS_SEARCH_USER_PATHS = NO;
				CLANG_ANALYZER_NONNULL = YES;
				CLANG_ANALYZER_NUMBER_OBJECT_CONVERSION = YES_AGGRESSIVE;
				CLANG_CXX_LANGUAGE_STANDARD = "gnu++14";
				CLANG_CXX_LIBRARY = "libc++";
				CLANG_ENABLE_MODULES = YES;
				CLANG_ENABLE_OBJC_ARC = YES;
				CLANG_ENABLE_OBJC_WEAK = YES;
				CLANG_WARN_BLOCK_CAPTURE_AUTORELEASING = YES;
				CLANG_WARN_BOOL_CONVERSION = YES;
				CLANG_WARN_COMMA = YES;
				CLANG_WARN_CONSTANT_CONVERSION = YES;
				CLANG_WARN_DEPRECATED_OBJC_IMPLEMENTATIONS = YES;
				CLANG_WARN_DIRECT_OBJC_ISA_USAGE = YES_ERROR;
				CLANG_WARN_DOCUMENTATION_COMMENTS = YES;
				CLANG_WARN_EMPTY_BODY = YES;
				CLANG_WARN_ENUM_CONVERSION = YES;
				CLANG_WARN_INFINITE_RECURSION = YES;
				CLANG_WARN_INT_CONVERSION = YES;
				CLANG_WARN_NON_LITERAL_NULL_CONVERSION = YES;
				CLANG_WARN_OBJC_IMPLICIT_RETAIN_SELF = YES;
				CLANG_WARN_OBJC_LITERAL_CONVERSION = YES;
				CLANG_WARN_OBJC_ROOT_CLASS = YES_ERROR;
				CLANG_WARN_RANGE_LOOP_ANALYSIS = YES;
				CLANG_WARN_STRICT_PROTOTYPES = YES;
				CLANG_WARN_SUSPICIOUS_MOVE = YES;
				CLANG_WARN_UNGUARDED_AVAILABILITY = YES_AGGRESSIVE;
				CLANG_WARN_UNREACHABLE_CODE = YES;
				CLANG_WARN__DUPLICATE_METHOD_MATCH = YES;
				COPY_PHASE_STRIP = NO;
				DEBUG_INFORMATION_FORMAT = "dwarf-with-dsym";
				ENABLE_NS_ASSERTIONS = NO;
				ENABLE_STRICT_OBJC_MSGSEND = YES;
				GCC_C_LANGUAGE_STANDARD = gnu11;
				GCC_NO_COMMON_BLOCKS = YES;
				GCC_WARN_64_TO_32_BIT_CONVERSION = YES;
				GCC_WARN_ABOUT_RETURN_TYPE = YES_ERROR;
				GCC_WARN_UNDECLARED_SELECTOR = YES;
				GCC_WARN_UNINITIALIZED_AUTOS = YES_AGGRESSIVE;
				GCC_WARN_UNUSED_FUNCTION = YES;
				GCC_WARN_UNUSED_VARIABLE = YES;
				IPHONEOS_DEPLOYMENT_TARGET = 11.0;
				MTL_ENABLE_DEBUG_INFO = NO;
				MTL_FAST_MATH = YES;
				SDKROOT = iphoneos;
				SWIFT_COMPILATION_MODE = wholemodule;
				SWIFT_OPTIMIZATION_LEVEL = "-O";
				VALIDATE_PRODUCT = YES;
			};
			name = Release;
		};
		2D0E58D02351B55B008F82BE /* Debug */ = {
			isa = XCBuildConfiguration;
			baseConfigurationReference = B2B8E65FB8DFC5373D6E67ED /* Pods-WePet.debug.xcconfig */;
			buildSettings = {
				ASSETCATALOG_COMPILER_APPICON_NAME = AppIcon;
				CODE_SIGN_IDENTITY = "iPhone Developer";
				CODE_SIGN_STYLE = Automatic;
				DEVELOPMENT_TEAM = 7KW522KWZF;
				INFOPLIST_FILE = "$(SRCROOT)/WePet/Supporting Files/Info.plist";
				LD_RUNPATH_SEARCH_PATHS = (
					"$(inherited)",
					"@executable_path/Frameworks",
				);
				MARKETING_VERSION = 1.0.0;
				PRODUCT_BUNDLE_IDENTIFIER = com.depromeet.wepet;
				PRODUCT_NAME = Wepet;
				PROVISIONING_PROFILE_SPECIFIER = "";
				SWIFT_VERSION = 5.0;
				TARGETED_DEVICE_FAMILY = "1,2";
			};
			name = Debug;
		};
		2D0E58D12351B55B008F82BE /* Release */ = {
			isa = XCBuildConfiguration;
			baseConfigurationReference = 9DF652025FE8EE0597F29285 /* Pods-WePet.release.xcconfig */;
			buildSettings = {
				ASSETCATALOG_COMPILER_APPICON_NAME = AppIcon;
				CODE_SIGN_IDENTITY = "iPhone Distribution";
				CODE_SIGN_STYLE = Manual;
				DEVELOPMENT_TEAM = 7KW522KWZF;
				INFOPLIST_FILE = "$(SRCROOT)/WePet/Supporting Files/Info.plist";
				LD_RUNPATH_SEARCH_PATHS = (
					"$(inherited)",
					"@executable_path/Frameworks",
				);
				MARKETING_VERSION = 1.0.0;
				PRODUCT_BUNDLE_IDENTIFIER = com.depromeet.wepet;
				PRODUCT_NAME = Wepet;
				PROVISIONING_PROFILE_SPECIFIER = depromeet_Wepet_appstore_191029;
				SWIFT_VERSION = 5.0;
				TARGETED_DEVICE_FAMILY = "1,2";
			};
			name = Release;
		};
/* End XCBuildConfiguration section */

/* Begin XCConfigurationList section */
		2D0E58B62351B55A008F82BE /* Build configuration list for PBXProject "WePet" */ = {
			isa = XCConfigurationList;
			buildConfigurations = (
				2D0E58CD2351B55B008F82BE /* Debug */,
				2D0E58CE2351B55B008F82BE /* Release */,
			);
			defaultConfigurationIsVisible = 0;
			defaultConfigurationName = Release;
		};
		2D0E58CF2351B55B008F82BE /* Build configuration list for PBXNativeTarget "WePet" */ = {
			isa = XCConfigurationList;
			buildConfigurations = (
				2D0E58D02351B55B008F82BE /* Debug */,
				2D0E58D12351B55B008F82BE /* Release */,
			);
			defaultConfigurationIsVisible = 0;
			defaultConfigurationName = Release;
		};
/* End XCConfigurationList section */
	};
	rootObject = 2D0E58B32351B55A008F82BE /* Project object */;
}
